
Microsoft Visual Studio Solution File, Format Version 12.00
# Visual Studio Version 17
VisualStudioVersion = 17.4.33205.214
MinimumVisualStudioVersion = 10.0.40219.1
Project("{FAE04EC0-301F-11D3-BF4B-00C04F79EFBC}") = "PokemonReviewApp", "PokemonReviewApp\PokemonReviewApp.csproj", "{65FB0DEB-9F41-4CD8-BFB0-82E05931DDEA}"
EndProject
Global
	GlobalSection(SolutionConfigurationPlatforms) = preSolution
		Debug|Any CPU = Debug|Any CPU
		Release|Any CPU = Release|Any CPU
	EndGlobalSection
	GlobalSection(ProjectConfigurationPlatforms) = postSolution
		{65FB0DEB-9F41-4CD8-BFB0-82E05931DDEA}.Debug|Any CPU.ActiveCfg = Debug|Any CPU
		{65FB0DEB-9F41-4CD8-BFB0-82E05931DDEA}.Debug|Any CPU.Build.0 = Debug|Any CPU
		{65FB0DEB-9F41-4CD8-BFB0-82E05931DDEA}.Release|Any CPU.ActiveCfg = Release|Any CPU
		{65FB0DEB-9F41-4CD8-BFB0-82E05931DDEA}.Release|Any CPU.Build.0 = Release|Any CPU
	EndGlobalSection
	GlobalSection(SolutionProperties) = preSolution
		HideSolutionNode = FALSE
	EndGlobalSection
	GlobalSection(ExtensibilityGlobals) = postSolution
		SolutionGuid = {EDF4127E-77D3-466C-9988-3A1DFB267D32}
	EndGlobalSection
EndGlobal
